
Microsoft Visual Studio Solution File, Format Version 12.00
# Visual Studio Version 16
VisualStudioVersion = 16.0.31729.503
MinimumVisualStudioVersion = 10.0.40219.1
Project("{FAE04EC0-301F-11D3-BF4B-00C04F79EFBC}") = "GameLogic", "GameLogic.csproj", "{577BE33F-FCA6-46FE-AE61-9F4FFAD756AB}"
EndProject
Global
	GlobalSection(SolutionConfigurationPlatforms) = preSolution
		Debug|Any CPU = Debug|Any CPU
		Release|Any CPU = Release|Any CPU
	EndGlobalSection
	GlobalSection(ProjectConfigurationPlatforms) = postSolution
		{577BE33F-FCA6-46FE-AE61-9F4FFAD756AB}.Debug|Any CPU.ActiveCfg = Debug|Any CPU
		{577BE33F-FCA6-46FE-AE61-9F4FFAD756AB}.Debug|Any CPU.Build.0 = Debug|Any CPU
		{577BE33F-FCA6-46FE-AE61-9F4FFAD756AB}.Release|Any CPU.ActiveCfg = Release|Any CPU
		{577BE33F-FCA6-46FE-AE61-9F4FFAD756AB}.Release|Any CPU.Build.0 = Release|Any CPU
	EndGlobalSection
	GlobalSection(SolutionProperties) = preSolution
		HideSolutionNode = FALSE
	EndGlobalSection
	GlobalSection(ExtensibilityGlobals) = postSolution
		SolutionGuid = {7A94F1A7-B5C4-424B-8EC9-0F596087338D}
	EndGlobalSection
EndGlobal
